
Microsoft Visual Studio Solution File, Format Version 12.00
# Visual Studio Version 17
VisualStudioVersion = 17.0.31903.59
MinimumVisualStudioVersion = 10.0.40219.1
Project("{2150E333-8FDC-42A3-9474-1A3956D46DE8}") = "src", "src", "{827E0CD3-B72D-47B6-A68D-7590B98EB39B}"
EndProject
Project("{2150E333-8FDC-42A3-9474-1A3956D46DE8}") = "Domain", "Domain", "{8B290487-4C16-E85E-E807-F579CBE9FC4D}"
EndProject
Project("{FAE04EC0-301F-11D3-BF4B-00C04F79EFBC}") = "CleanArchitectureApi.Domain", "src\Domain\CleanArchitectureApi.Domain\CleanArchitectureApi.Domain.csproj", "{747E3AC5-BDD9-432B-B741-D263C804FBF7}"
EndProject
Project("{2150E333-8FDC-42A3-9474-1A3956D46DE8}") = "Application", "Application", "{22BAF98C-8415-17C4-B26A-D537657BC863}"
EndProject
Project("{FAE04EC0-301F-11D3-BF4B-00C04F79EFBC}") = "CleanArchitectureApi.Application", "src\Application\CleanArchitectureApi.Application\CleanArchitectureApi.Application.csproj", "{805203DB-9EE3-49D4-9232-EE03EA2FB713}"
EndProject
Project("{2150E333-8FDC-42A3-9474-1A3956D46DE8}") = "Infrastructure", "Infrastructure", "{9048EB7F-3875-A59E-E36B-5BD4C6F2A282}"
EndProject
Project("{FAE04EC0-301F-11D3-BF4B-00C04F79EFBC}") = "CleanArchitectureApi.Infrastructure", "src\Infrastructure\CleanArchitectureApi.Infrastructure\CleanArchitectureApi.Infrastructure.csproj", "{11FB87DE-7604-4918-B107-D7B0F642EFE0}"
EndProject
Project("{2150E333-8FDC-42A3-9474-1A3956D46DE8}") = "WebApi", "WebApi", "{953D89DF-FDD2-4C1A-6A43-6326114B13B5}"
EndProject
Project("{FAE04EC0-301F-11D3-BF4B-00C04F79EFBC}") = "CleanArchitectureApi.WebApi", "src\WebApi\CleanArchitectureApi.WebApi\CleanArchitectureApi.WebApi.csproj", "{CD351EDA-DEBC-4BF9-9775-F842B23B2D75}"
EndProject
Project("{2150E333-8FDC-42A3-9474-1A3956D46DE8}") = "tests", "tests", "{0AB3BF05-4346-4AA6-1389-037BE0695223}"
EndProject
Project("{2150E333-8FDC-42A3-9474-1A3956D46DE8}") = "UnitTests", "UnitTests", "{394A81D9-3C45-9818-BB26-23F2B85056FF}"
EndProject
Project("{FAE04EC0-301F-11D3-BF4B-00C04F79EFBC}") = "CleanArchitectureApi.UnitTests", "tests\UnitTests\CleanArchitectureApi.UnitTests\CleanArchitectureApi.UnitTests.csproj", "{93FAFD50-A85D-4E0E-B915-F975F7C309E6}"
EndProject
Project("{2150E333-8FDC-42A3-9474-1A3956D46DE8}") = "IntegrationTests", "IntegrationTests", "{30785934-E017-5D9F-2777-3D61460A5281}"
EndProject
Project("{FAE04EC0-301F-11D3-BF4B-00C04F79EFBC}") = "CleanArchitectureApi.IntegrationTests", "tests\IntegrationTests\CleanArchitectureApi.IntegrationTests\CleanArchitectureApi.IntegrationTests.csproj", "{E6B124D8-F1AD-4CCE-BA13-16A8AA45DAF2}"
EndProject
Global
	GlobalSection(SolutionConfigurationPlatforms) = preSolution
		Debug|Any CPU = Debug|Any CPU
		Debug|x64 = Debug|x64
		Debug|x86 = Debug|x86
		Release|Any CPU = Release|Any CPU
		Release|x64 = Release|x64
		Release|x86 = Release|x86
	EndGlobalSection
	GlobalSection(ProjectConfigurationPlatforms) = postSolution
		{747E3AC5-BDD9-432B-B741-D263C804FBF7}.Debug|Any CPU.ActiveCfg = Debug|Any CPU
		{747E3AC5-BDD9-432B-B741-D263C804FBF7}.Debug|Any CPU.Build.0 = Debug|Any CPU
		{747E3AC5-BDD9-432B-B741-D263C804FBF7}.Debug|x64.ActiveCfg = Debug|Any CPU
		{747E3AC5-BDD9-432B-B741-D263C804FBF7}.Debug|x64.Build.0 = Debug|Any CPU
		{747E3AC5-BDD9-432B-B741-D263C804FBF7}.Debug|x86.ActiveCfg = Debug|Any CPU
		{747E3AC5-BDD9-432B-B741-D263C804FBF7}.Debug|x86.Build.0 = Debug|Any CPU
		{747E3AC5-BDD9-432B-B741-D263C804FBF7}.Release|Any CPU.ActiveCfg = Release|Any CPU
		{747E3AC5-BDD9-432B-B741-D263C804FBF7}.Release|Any CPU.Build.0 = Release|Any CPU
		{747E3AC5-BDD9-432B-B741-D263C804FBF7}.Release|x64.ActiveCfg = Release|Any CPU
		{747E3AC5-BDD9-432B-B741-D263C804FBF7}.Release|x64.Build.0 = Release|Any CPU
		{747E3AC5-BDD9-432B-B741-D263C804FBF7}.Release|x86.ActiveCfg = Release|Any CPU
		{747E3AC5-BDD9-432B-B741-D263C804FBF7}.Release|x86.Build.0 = Release|Any CPU
		{805203DB-9EE3-49D4-9232-EE03EA2FB713}.Debug|Any CPU.ActiveCfg = Debug|Any CPU
		{805203DB-9EE3-49D4-9232-EE03EA2FB713}.Debug|Any CPU.Build.0 = Debug|Any CPU
		{805203DB-9EE3-49D4-9232-EE03EA2FB713}.Debug|x64.ActiveCfg = Debug|Any CPU
		{805203DB-9EE3-49D4-9232-EE03EA2FB713}.Debug|x64.Build.0 = Debug|Any CPU
		{805203DB-9EE3-49D4-9232-EE03EA2FB713}.Debug|x86.ActiveCfg = Debug|Any CPU
		{805203DB-9EE3-49D4-9232-EE03EA2FB713}.Debug|x86.Build.0 = Debug|Any CPU
		{805203DB-9EE3-49D4-9232-EE03EA2FB713}.Release|Any CPU.ActiveCfg = Release|Any CPU
		{805203DB-9EE3-49D4-9232-EE03EA2FB713}.Release|Any CPU.Build.0 = Release|Any CPU
		{805203DB-9EE3-49D4-9232-EE03EA2FB713}.Release|x64.ActiveCfg = Release|Any CPU
		{805203DB-9EE3-49D4-9232-EE03EA2FB713}.Release|x64.Build.0 = Release|Any CPU
		{805203DB-9EE3-49D4-9232-EE03EA2FB713}.Release|x86.ActiveCfg = Release|Any CPU
		{805203DB-9EE3-49D4-9232-EE03EA2FB713}.Release|x86.Build.0 = Release|Any CPU
		{11FB87DE-7604-4918-B107-D7B0F642EFE0}.Debug|Any CPU.ActiveCfg = Debug|Any CPU
		{11FB87DE-7604-4918-B107-D7B0F642EFE0}.Debug|Any CPU.Build.0 = Debug|Any CPU
		{11FB87DE-7604-4918-B107-D7B0F642EFE0}.Debug|x64.ActiveCfg = Debug|Any CPU
		{11FB87DE-7604-4918-B107-D7B0F642EFE0}.Debug|x64.Build.0 = Debug|Any CPU
		{11FB87DE-7604-4918-B107-D7B0F642EFE0}.Debug|x86.ActiveCfg = Debug|Any CPU
		{11FB87DE-7604-4918-B107-D7B0F642EFE0}.Debug|x86.Build.0 = Debug|Any CPU
		{11FB87DE-7604-4918-B107-D7B0F642EFE0}.Release|Any CPU.ActiveCfg = Release|Any CPU
		{11FB87DE-7604-4918-B107-D7B0F642EFE0}.Release|Any CPU.Build.0 = Release|Any CPU
		{11FB87DE-7604-4918-B107-D7B0F642EFE0}.Release|x64.ActiveCfg = Release|Any CPU
		{11FB87DE-7604-4918-B107-D7B0F642EFE0}.Release|x64.Build.0 = Release|Any CPU
		{11FB87DE-7604-4918-B107-D7B0F642EFE0}.Release|x86.ActiveCfg = Release|Any CPU
		{11FB87DE-7604-4918-B107-D7B0F642EFE0}.Release|x86.Build.0 = Release|Any CPU
		{CD351EDA-DEBC-4BF9-9775-F842B23B2D75}.Debug|Any CPU.ActiveCfg = Debug|Any CPU
		{CD351EDA-DEBC-4BF9-9775-F842B23B2D75}.Debug|Any CPU.Build.0 = Debug|Any CPU
		{CD351EDA-DEBC-4BF9-9775-F842B23B2D75}.Debug|x64.ActiveCfg = Debug|Any CPU
		{CD351EDA-DEBC-4BF9-9775-F842B23B2D75}.Debug|x64.Build.0 = Debug|Any CPU
		{CD351EDA-DEBC-4BF9-9775-F842B23B2D75}.Debug|x86.ActiveCfg = Debug|Any CPU
		{CD351EDA-DEBC-4BF9-9775-F842B23B2D75}.Debug|x86.Build.0 = Debug|Any CPU
		{CD351EDA-DEBC-4BF9-9775-F842B23B2D75}.Release|Any CPU.ActiveCfg = Release|Any CPU
		{CD351EDA-DEBC-4BF9-9775-F842B23B2D75}.Release|Any CPU.Build.0 = Release|Any CPU
		{CD351EDA-DEBC-4BF9-9775-F842B23B2D75}.Release|x64.ActiveCfg = Release|Any CPU
		{CD351EDA-DEBC-4BF9-9775-F842B23B2D75}.Release|x64.Build.0 = Release|Any CPU
		{CD351EDA-DEBC-4BF9-9775-F842B23B2D75}.Release|x86.ActiveCfg = Release|Any CPU
		{CD351EDA-DEBC-4BF9-9775-F842B23B2D75}.Release|x86.Build.0 = Release|Any CPU
		{93FAFD50-A85D-4E0E-B915-F975F7C309E6}.Debug|Any CPU.ActiveCfg = Debug|Any CPU
		{93FAFD50-A85D-4E0E-B915-F975F7C309E6}.Debug|Any CPU.Build.0 = Debug|Any CPU
		{93FAFD50-A85D-4E0E-B915-F975F7C309E6}.Debug|x64.ActiveCfg = Debug|Any CPU
		{93FAFD50-A85D-4E0E-B915-F975F7C309E6}.Debug|x64.Build.0 = Debug|Any CPU
		{93FAFD50-A85D-4E0E-B915-F975F7C309E6}.Debug|x86.ActiveCfg = Debug|Any CPU
		{93FAFD50-A85D-4E0E-B915-F975F7C309E6}.Debug|x86.Build.0 = Debug|Any CPU
		{93FAFD50-A85D-4E0E-B915-F975F7C309E6}.Release|Any CPU.ActiveCfg = Release|Any CPU
		{93FAFD50-A85D-4E0E-B915-F975F7C309E6}.Release|Any CPU.Build.0 = Release|Any CPU
		{93FAFD50-A85D-4E0E-B915-F975F7C309E6}.Release|x64.ActiveCfg = Release|Any CPU
		{93FAFD50-A85D-4E0E-B915-F975F7C309E6}.Release|x64.Build.0 = Release|Any CPU
		{93FAFD50-A85D-4E0E-B915-F975F7C309E6}.Release|x86.ActiveCfg = Release|Any CPU
		{93FAFD50-A85D-4E0E-B915-F975F7C309E6}.Release|x86.Build.0 = Release|Any CPU
		{E6B124D8-F1AD-4CCE-BA13-16A8AA45DAF2}.Debug|Any CPU.ActiveCfg = Debug|Any CPU
		{E6B124D8-F1AD-4CCE-BA13-16A8AA45DAF2}.Debug|Any CPU.Build.0 = Debug|Any CPU
		{E6B124D8-F1AD-4CCE-BA13-16A8AA45DAF2}.Debug|x64.ActiveCfg = Debug|Any CPU
		{E6B124D8-F1AD-4CCE-BA13-16A8AA45DAF2}.Debug|x64.Build.0 = Debug|Any CPU
		{E6B124D8-F1AD-4CCE-BA13-16A8AA45DAF2}.Debug|x86.ActiveCfg = Debug|Any CPU
		{E6B124D8-F1AD-4CCE-BA13-16A8AA45DAF2}.Debug|x86.Build.0 = Debug|Any CPU
		{E6B124D8-F1AD-4CCE-BA13-16A8AA45DAF2}.Release|Any CPU.ActiveCfg = Release|Any CPU
		{E6B124D8-F1AD-4CCE-BA13-16A8AA45DAF2}.Release|Any CPU.Build.0 = Release|Any CPU
		{E6B124D8-F1AD-4CCE-BA13-16A8AA45DAF2}.Release|x64.ActiveCfg = Release|Any CPU
		{E6B124D8-F1AD-4CCE-BA13-16A8AA45DAF2}.Release|x64.Build.0 = Release|Any CPU
		{E6B124D8-F1AD-4CCE-BA13-16A8AA45DAF2}.Release|x86.ActiveCfg = Release|Any CPU
		{E6B124D8-F1AD-4CCE-BA13-16A8AA45DAF2}.Release|x86.Build.0 = Release|Any CPU
	EndGlobalSection
	GlobalSection(SolutionProperties) = preSolution
		HideSolutionNode = FALSE
	EndGlobalSection
	GlobalSection(NestedProjects) = preSolution
		{8B290487-4C16-E85E-E807-F579CBE9FC4D} = {827E0CD3-B72D-47B6-A68D-7590B98EB39B}
		{747E3AC5-BDD9-432B-B741-D263C804FBF7} = {8B290487-4C16-E85E-E807-F579CBE9FC4D}
		{22BAF98C-8415-17C4-B26A-D537657BC863} = {827E0CD3-B72D-47B6-A68D-7590B98EB39B}
		{805203DB-9EE3-49D4-9232-EE03EA2FB713} = {22BAF98C-8415-17C4-B26A-D537657BC863}
		{9048EB7F-3875-A59E-E36B-5BD4C6F2A282} = {827E0CD3-B72D-47B6-A68D-7590B98EB39B}
		{11FB87DE-7604-4918-B107-D7B0F642EFE0} = {9048EB7F-3875-A59E-E36B-5BD4C6F2A282}
		{953D89DF-FDD2-4C1A-6A43-6326114B13B5} = {827E0CD3-B72D-47B6-A68D-7590B98EB39B}
		{CD351EDA-DEBC-4BF9-9775-F842B23B2D75} = {953D89DF-FDD2-4C1A-6A43-6326114B13B5}
		{394A81D9-3C45-9818-BB26-23F2B85056FF} = {0AB3BF05-4346-4AA6-1389-037BE0695223}
		{93FAFD50-A85D-4E0E-B915-F975F7C309E6} = {394A81D9-3C45-9818-BB26-23F2B85056FF}
		{30785934-E017-5D9F-2777-3D61460A5281} = {0AB3BF05-4346-4AA6-1389-037BE0695223}
		{E6B124D8-F1AD-4CCE-BA13-16A8AA45DAF2} = {30785934-E017-5D9F-2777-3D61460A5281}
	EndGlobalSection
EndGlobal
